{
  "object": {
    "pins": [
      {
        "package": "cmark_gfm",
        "repositoryURL": "https://github.com/hebertialmeida/swift-cmark-gfm.git",
        "state": {
          "branch": "master",
          "revision": "a448b3584c3825723412892d78e664fd2fa2e765",
          "version": null
        }
      }
    ]
  },
  "version": 1
}
